
Microsoft Visual Studio Solution File, Format Version 12.00
# Visual Studio Version 16
VisualStudioVersion = 16.0.30907.101
MinimumVisualStudioVersion = 10.0.40219.1
Project("{9A19103F-16F7-4668-BE54-9A1E7A4F7556}") = "Kampintro", "Kampintro\Kampintro.csproj", "{A3E922FB-A8BB-4D56-BA09-E808CEA72511}"
EndProject
Project("{9A19103F-16F7-4668-BE54-9A1E7A4F7556}") = "Donguler", "Donguler\Donguler.csproj", "{9EB271B1-2031-47F5-AD40-EFD15E6C665E}"
EndProject
Project("{9A19103F-16F7-4668-BE54-9A1E7A4F7556}") = "ClassIntro", "ClassIntro\ClassIntro.csproj", "{76A0807A-4C9E-4DD1-ABB1-56ED8D2B7347}"
EndProject
Project("{9A19103F-16F7-4668-BE54-9A1E7A4F7556}") = "Metotlar", "Metotlar\Metotlar.csproj", "{A38A77F9-E5E0-463F-ACB1-B1EF5D73A6FB}"
EndProject
Project("{9A19103F-16F7-4668-BE54-9A1E7A4F7556}") = "Matematik", "Matematik\Matematik.csproj", "{E928D52C-1258-4096-B6C7-B893A5B20CB2}"
EndProject
Project("{9A19103F-16F7-4668-BE54-9A1E7A4F7556}") = "DegerVeReferansTipler", "DegerVeReferansTipler\DegerVeReferansTipler.csproj", "{335164C3-30B8-45EB-BE45-CE30B5B5377B}"
EndProject
Project("{9A19103F-16F7-4668-BE54-9A1E7A4F7556}") = "OOP1", "OOP1\OOP1.csproj", "{C57EBCEA-C5F6-4B60-B0CF-D54A9199F927}"
EndProject
Project("{9A19103F-16F7-4668-BE54-9A1E7A4F7556}") = "Koleksiyonlar", "Koleksiyonlar\Koleksiyonlar.csproj", "{C8621516-94A1-45D9-B146-00D82992C0CD}"
EndProject
Project("{9A19103F-16F7-4668-BE54-9A1E7A4F7556}") = "GenericsIntro", "GenericsIntro\GenericsIntro.csproj", "{7239DCD7-AFF5-42BE-A51D-10AFAE0C5BAF}"
EndProject
Project("{9A19103F-16F7-4668-BE54-9A1E7A4F7556}") = "Metotlar2", "Metotlar2\Metotlar2.csproj", "{A071E777-CB81-4BA7-889B-C46A51FFBFDC}"
EndProject
Project("{9A19103F-16F7-4668-BE54-9A1E7A4F7556}") = "Oop2", "Oop2\Oop2.csproj", "{EB0C432D-1EA6-4E1E-8884-6CE32FEDAE5B}"
EndProject
Project("{9A19103F-16F7-4668-BE54-9A1E7A4F7556}") = "OOP3", "OOP3\OOP3.csproj", "{29B65926-4D60-49D8-B4C1-4A7C144080EF}"
EndProject
Project("{9A19103F-16F7-4668-BE54-9A1E7A4F7556}") = "ClassMetotDemo", "ClassMetotDemo\ClassMetotDemo.csproj", "{5474E0BE-A3CD-4558-82ED-E6B71D288AD5}"
EndProject
Project("{9A19103F-16F7-4668-BE54-9A1E7A4F7556}") = "ReferanceTypes", "ReferanceTypes\ReferanceTypes.csproj", "{1EFEDBF5-2B9F-457A-9EE1-A3F26B4204D1}"
EndProject
Project("{9A19103F-16F7-4668-BE54-9A1E7A4F7556}") = "Constructors", "Constructors\Constructors.csproj", "{7600ECA3-AC5A-4B14-BB1E-A060B33628A8}"
EndProject
Project("{9A19103F-16F7-4668-BE54-9A1E7A4F7556}") = "Generics2", "Generics2\Generics2.csproj", "{D7C8CE23-5A7E-4DBF-B55C-F12364C0EC83}"
EndProject
Project("{9A19103F-16F7-4668-BE54-9A1E7A4F7556}") = "MyDictionary", "MyDictionary\MyDictionary.csproj", "{73909C5E-F28A-4457-9D31-5E432BE96299}"
EndProject
Global
	GlobalSection(SolutionConfigurationPlatforms) = preSolution
		Debug|Any CPU = Debug|Any CPU
		Release|Any CPU = Release|Any CPU
	EndGlobalSection
	GlobalSection(ProjectConfigurationPlatforms) = postSolution
		{A3E922FB-A8BB-4D56-BA09-E808CEA72511}.Debug|Any CPU.ActiveCfg = Debug|Any CPU
		{A3E922FB-A8BB-4D56-BA09-E808CEA72511}.Debug|Any CPU.Build.0 = Debug|Any CPU
		{A3E922FB-A8BB-4D56-BA09-E808CEA72511}.Release|Any CPU.ActiveCfg = Release|Any CPU
		{A3E922FB-A8BB-4D56-BA09-E808CEA72511}.Release|Any CPU.Build.0 = Release|Any CPU
		{9EB271B1-2031-47F5-AD40-EFD15E6C665E}.Debug|Any CPU.ActiveCfg = Debug|Any CPU
		{9EB271B1-2031-47F5-AD40-EFD15E6C665E}.Debug|Any CPU.Build.0 = Debug|Any CPU
		{9EB271B1-2031-47F5-AD40-EFD15E6C665E}.Release|Any CPU.ActiveCfg = Release|Any CPU
		{9EB271B1-2031-47F5-AD40-EFD15E6C665E}.Release|Any CPU.Build.0 = Release|Any CPU
		{76A0807A-4C9E-4DD1-ABB1-56ED8D2B7347}.Debug|Any CPU.ActiveCfg = Debug|Any CPU
		{76A0807A-4C9E-4DD1-ABB1-56ED8D2B7347}.Debug|Any CPU.Build.0 = Debug|Any CPU
		{76A0807A-4C9E-4DD1-ABB1-56ED8D2B7347}.Release|Any CPU.ActiveCfg = Release|Any CPU
		{76A0807A-4C9E-4DD1-ABB1-56ED8D2B7347}.Release|Any CPU.Build.0 = Release|Any CPU
		{A38A77F9-E5E0-463F-ACB1-B1EF5D73A6FB}.Debug|Any CPU.ActiveCfg = Debug|Any CPU
		{A38A77F9-E5E0-463F-ACB1-B1EF5D73A6FB}.Debug|Any CPU.Build.0 = Debug|Any CPU
		{A38A77F9-E5E0-463F-ACB1-B1EF5D73A6FB}.Release|Any CPU.ActiveCfg = Release|Any CPU
		{A38A77F9-E5E0-463F-ACB1-B1EF5D73A6FB}.Release|Any CPU.Build.0 = Release|Any CPU
		{E928D52C-1258-4096-B6C7-B893A5B20CB2}.Debug|Any CPU.ActiveCfg = Debug|Any CPU
		{E928D52C-1258-4096-B6C7-B893A5B20CB2}.Debug|Any CPU.Build.0 = Debug|Any CPU
		{E928D52C-1258-4096-B6C7-B893A5B20CB2}.Release|Any CPU.ActiveCfg = Release|Any CPU
		{E928D52C-1258-4096-B6C7-B893A5B20CB2}.Release|Any CPU.Build.0 = Release|Any CPU
		{335164C3-30B8-45EB-BE45-CE30B5B5377B}.Debug|Any CPU.ActiveCfg = Debug|Any CPU
		{335164C3-30B8-45EB-BE45-CE30B5B5377B}.Debug|Any CPU.Build.0 = Debug|Any CPU
		{335164C3-30B8-45EB-BE45-CE30B5B5377B}.Release|Any CPU.ActiveCfg = Release|Any CPU
		{335164C3-30B8-45EB-BE45-CE30B5B5377B}.Release|Any CPU.Build.0 = Release|Any CPU
		{C57EBCEA-C5F6-4B60-B0CF-D54A9199F927}.Debug|Any CPU.ActiveCfg = Debug|Any CPU
		{C57EBCEA-C5F6-4B60-B0CF-D54A9199F927}.Debug|Any CPU.Build.0 = Debug|Any CPU
		{C57EBCEA-C5F6-4B60-B0CF-D54A9199F927}.Release|Any CPU.ActiveCfg = Release|Any CPU
		{C57EBCEA-C5F6-4B60-B0CF-D54A9199F927}.Release|Any CPU.Build.0 = Release|Any CPU
		{C8621516-94A1-45D9-B146-00D82992C0CD}.Debug|Any CPU.ActiveCfg = Debug|Any CPU
		{C8621516-94A1-45D9-B146-00D82992C0CD}.Debug|Any CPU.Build.0 = Debug|Any CPU
		{C8621516-94A1-45D9-B146-00D82992C0CD}.Release|Any CPU.ActiveCfg = Release|Any CPU
		{C8621516-94A1-45D9-B146-00D82992C0CD}.Release|Any CPU.Build.0 = Release|Any CPU
		{7239DCD7-AFF5-42BE-A51D-10AFAE0C5BAF}.Debug|Any CPU.ActiveCfg = Debug|Any CPU
		{7239DCD7-AFF5-42BE-A51D-10AFAE0C5BAF}.Debug|Any CPU.Build.0 = Debug|Any CPU
		{7239DCD7-AFF5-42BE-A51D-10AFAE0C5BAF}.Release|Any CPU.ActiveCfg = Release|Any CPU
		{7239DCD7-AFF5-42BE-A51D-10AFAE0C5BAF}.Release|Any CPU.Build.0 = Release|Any CPU
		{A071E777-CB81-4BA7-889B-C46A51FFBFDC}.Debug|Any CPU.ActiveCfg = Debug|Any CPU
		{A071E777-CB81-4BA7-889B-C46A51FFBFDC}.Debug|Any CPU.Build.0 = Debug|Any CPU
		{A071E777-CB81-4BA7-889B-C46A51FFBFDC}.Release|Any CPU.ActiveCfg = Release|Any CPU
		{A071E777-CB81-4BA7-889B-C46A51FFBFDC}.Release|Any CPU.Build.0 = Release|Any CPU
		{EB0C432D-1EA6-4E1E-8884-6CE32FEDAE5B}.Debug|Any CPU.ActiveCfg = Debug|Any CPU
		{EB0C432D-1EA6-4E1E-8884-6CE32FEDAE5B}.Debug|Any CPU.Build.0 = Debug|Any CPU
		{EB0C432D-1EA6-4E1E-8884-6CE32FEDAE5B}.Release|Any CPU.ActiveCfg = Release|Any CPU
		{EB0C432D-1EA6-4E1E-8884-6CE32FEDAE5B}.Release|Any CPU.Build.0 = Release|Any CPU
		{29B65926-4D60-49D8-B4C1-4A7C144080EF}.Debug|Any CPU.ActiveCfg = Debug|Any CPU
		{29B65926-4D60-49D8-B4C1-4A7C144080EF}.Debug|Any CPU.Build.0 = Debug|Any CPU
		{29B65926-4D60-49D8-B4C1-4A7C144080EF}.Release|Any CPU.ActiveCfg = Release|Any CPU
		{29B65926-4D60-49D8-B4C1-4A7C144080EF}.Release|Any CPU.Build.0 = Release|Any CPU
		{5474E0BE-A3CD-4558-82ED-E6B71D288AD5}.Debug|Any CPU.ActiveCfg = Debug|Any CPU
		{5474E0BE-A3CD-4558-82ED-E6B71D288AD5}.Debug|Any CPU.Build.0 = Debug|Any CPU
		{5474E0BE-A3CD-4558-82ED-E6B71D288AD5}.Release|Any CPU.ActiveCfg = Release|Any CPU
		{5474E0BE-A3CD-4558-82ED-E6B71D288AD5}.Release|Any CPU.Build.0 = Release|Any CPU
		{1EFEDBF5-2B9F-457A-9EE1-A3F26B4204D1}.Debug|Any CPU.ActiveCfg = Debug|Any CPU
		{1EFEDBF5-2B9F-457A-9EE1-A3F26B4204D1}.Debug|Any CPU.Build.0 = Debug|Any CPU
		{1EFEDBF5-2B9F-457A-9EE1-A3F26B4204D1}.Release|Any CPU.ActiveCfg = Release|Any CPU
		{1EFEDBF5-2B9F-457A-9EE1-A3F26B4204D1}.Release|Any CPU.Build.0 = Release|Any CPU
		{7600ECA3-AC5A-4B14-BB1E-A060B33628A8}.Debug|Any CPU.ActiveCfg = Debug|Any CPU
		{7600ECA3-AC5A-4B14-BB1E-A060B33628A8}.Debug|Any CPU.Build.0 = Debug|Any CPU
		{7600ECA3-AC5A-4B14-BB1E-A060B33628A8}.Release|Any CPU.ActiveCfg = Release|Any CPU
		{7600ECA3-AC5A-4B14-BB1E-A060B33628A8}.Release|Any CPU.Build.0 = Release|Any CPU
		{D7C8CE23-5A7E-4DBF-B55C-F12364C0EC83}.Debug|Any CPU.ActiveCfg = Debug|Any CPU
		{D7C8CE23-5A7E-4DBF-B55C-F12364C0EC83}.Debug|Any CPU.Build.0 = Debug|Any CPU
		{D7C8CE23-5A7E-4DBF-B55C-F12364C0EC83}.Release|Any CPU.ActiveCfg = Release|Any CPU
		{D7C8CE23-5A7E-4DBF-B55C-F12364C0EC83}.Release|Any CPU.Build.0 = Release|Any CPU
		{73909C5E-F28A-4457-9D31-5E432BE96299}.Debug|Any CPU.ActiveCfg = Debug|Any CPU
		{73909C5E-F28A-4457-9D31-5E432BE96299}.Debug|Any CPU.Build.0 = Debug|Any CPU
		{73909C5E-F28A-4457-9D31-5E432BE96299}.Release|Any CPU.ActiveCfg = Release|Any CPU
		{73909C5E-F28A-4457-9D31-5E432BE96299}.Release|Any CPU.Build.0 = Release|Any CPU
	EndGlobalSection
	GlobalSection(SolutionProperties) = preSolution
		HideSolutionNode = FALSE
	EndGlobalSection
	GlobalSection(ExtensibilityGlobals) = postSolution
		SolutionGuid = {C562310A-C14C-47DE-9749-B75204C7C21D}
	EndGlobalSection
EndGlobal
